
Microsoft Visual Studio Solution File, Format Version 12.00
# Visual Studio Version 17
VisualStudioVersion = 17.3.32929.385
MinimumVisualStudioVersion = 10.0.40219.1
Project("{FAE04EC0-301F-11D3-BF4B-00C04F79EFBC}") = "GameProject", "GameProject\GameProject.csproj", "{B4496FEF-7DC4-410C-AA5E-3F5D2F9063F5}"
EndProject
Global
	GlobalSection(SolutionConfigurationPlatforms) = preSolution
		Debug|Any CPU = Debug|Any CPU
		Release|Any CPU = Release|Any CPU
	EndGlobalSection
	GlobalSection(ProjectConfigurationPlatforms) = postSolution
		{B4496FEF-7DC4-410C-AA5E-3F5D2F9063F5}.Debug|Any CPU.ActiveCfg = Debug|Any CPU
		{B4496FEF-7DC4-410C-AA5E-3F5D2F9063F5}.Debug|Any CPU.Build.0 = Debug|Any CPU
		{B4496FEF-7DC4-410C-AA5E-3F5D2F9063F5}.Release|Any CPU.ActiveCfg = Release|Any CPU
		{B4496FEF-7DC4-410C-AA5E-3F5D2F9063F5}.Release|Any CPU.Build.0 = Release|Any CPU
	EndGlobalSection
	GlobalSection(SolutionProperties) = preSolution
		HideSolutionNode = FALSE
	EndGlobalSection
	GlobalSection(ExtensibilityGlobals) = postSolution
		SolutionGuid = {67F69000-952D-468D-B817-29D60D4F8665}
	EndGlobalSection
EndGlobal
